
Microsoft Visual Studio Solution File, Format Version 12.00
# Visual Studio Version 17
VisualStudioVersion = 17.13.35825.156 d17.13
MinimumVisualStudioVersion = 10.0.40219.1
Project("{FAE04EC0-301F-11D3-BF4B-00C04F79EFBC}") = "DataAnnotationsExample", "DataAnnotationsExample\DataAnnotationsExample.csproj", "{C350733F-742F-48BC-84D2-204328E89701}"
EndProject
Global
	GlobalSection(SolutionConfigurationPlatforms) = preSolution
		Debug|Any CPU = Debug|Any CPU
		Release|Any CPU = Release|Any CPU
	EndGlobalSection
	GlobalSection(ProjectConfigurationPlatforms) = postSolution
		{C350733F-742F-48BC-84D2-204328E89701}.Debug|Any CPU.ActiveCfg = Debug|Any CPU
		{C350733F-742F-48BC-84D2-204328E89701}.Debug|Any CPU.Build.0 = Debug|Any CPU
		{C350733F-742F-48BC-84D2-204328E89701}.Release|Any CPU.ActiveCfg = Release|Any CPU
		{C350733F-742F-48BC-84D2-204328E89701}.Release|Any CPU.Build.0 = Release|Any CPU
	EndGlobalSection
	GlobalSection(SolutionProperties) = preSolution
		HideSolutionNode = FALSE
	EndGlobalSection
	GlobalSection(ExtensibilityGlobals) = postSolution
		SolutionGuid = {C9960C66-330E-46CE-8021-3C9832B8D4FF}
	EndGlobalSection
EndGlobal
